
Microsoft Visual Studio Solution File, Format Version 12.00
# Visual Studio 15
Project("{FAE04EC0-301F-11D3-BF4B-00C04F79EFBC}") = "ResourceFrame", "ResourceFrame.csproj", "{6CE82FAD-45CF-C778-DE1F-D96343649F7E}"
EndProject
Project("{FAE04EC0-301F-11D3-BF4B-00C04F79EFBC}") = "ResourceFrame.Editor", "ResourceFrame.Editor.csproj", "{BFFB2A52-1BC1-935E-0580-A686A3317148}"
EndProject
Global
	GlobalSection(SolutionConfigurationPlatforms) = preSolution
		Debug|Any CPU = Debug|Any CPU
		Release|Any CPU = Release|Any CPU
	EndGlobalSection
	GlobalSection(ProjectConfigurationPlatforms) = postSolution
		{6CE82FAD-45CF-C778-DE1F-D96343649F7E}.Debug|Any CPU.ActiveCfg = Debug|Any CPU
		{6CE82FAD-45CF-C778-DE1F-D96343649F7E}.Debug|Any CPU.Build.0 = Debug|Any CPU
		{6CE82FAD-45CF-C778-DE1F-D96343649F7E}.Release|Any CPU.ActiveCfg = Release|Any CPU
		{6CE82FAD-45CF-C778-DE1F-D96343649F7E}.Release|Any CPU.Build.0 = Release|Any CPU
		{BFFB2A52-1BC1-935E-0580-A686A3317148}.Debug|Any CPU.ActiveCfg = Debug|Any CPU
		{BFFB2A52-1BC1-935E-0580-A686A3317148}.Debug|Any CPU.Build.0 = Debug|Any CPU
		{BFFB2A52-1BC1-935E-0580-A686A3317148}.Release|Any CPU.ActiveCfg = Release|Any CPU
		{BFFB2A52-1BC1-935E-0580-A686A3317148}.Release|Any CPU.Build.0 = Release|Any CPU
	EndGlobalSection
	GlobalSection(SolutionProperties) = preSolution
		HideSolutionNode = FALSE
	EndGlobalSection
EndGlobal
